
Microsoft Visual Studio Solution File, Format Version 12.00
# Visual Studio Version 17
VisualStudioVersion = 17.13.35931.197
MinimumVisualStudioVersion = 10.0.40219.1
Project("{FAE04EC0-301F-11D3-BF4B-00C04F79EFBC}") = "Timesheets.Web.Ui", "src\Timesheets.Web.Ui\Timesheets.Web.Ui.csproj", "{246EA132-352C-4CF1-90C3-BF99E6B3F237}"
EndProject
Project("{FAE04EC0-301F-11D3-BF4B-00C04F79EFBC}") = "Timesheets.Core", "src\Timesheets.Core\Timesheets.Core.csproj", "{3A2BDE44-031B-2977-93FB-9FCCB00B0043}"
EndProject
Project("{FAE04EC0-301F-11D3-BF4B-00C04F79EFBC}") = "Timesheets.Tests", "src\Timesheets.Tests\Timesheets.Tests.csproj", "{04B236CB-6C7D-4CE3-80E1-EFF815A1AA93}"
EndProject
Project("{2150E333-8FDC-42A3-9474-1A3956D46DE8}") = "Solution Items", "Solution Items", "{8EC462FD-D22E-90A8-E5CE-7E832BA40C5D}"
	ProjectSection(SolutionItems) = preProject
		.editorconfig = .editorconfig
		.gitignore = .gitignore
		README.md = README.md
	EndProjectSection
EndProject
Global
	GlobalSection(SolutionConfigurationPlatforms) = preSolution
		Debug|Any CPU = Debug|Any CPU
		Release|Any CPU = Release|Any CPU
	EndGlobalSection
	GlobalSection(ProjectConfigurationPlatforms) = postSolution
		{246EA132-352C-4CF1-90C3-BF99E6B3F237}.Debug|Any CPU.ActiveCfg = Debug|Any CPU
		{246EA132-352C-4CF1-90C3-BF99E6B3F237}.Debug|Any CPU.Build.0 = Debug|Any CPU
		{246EA132-352C-4CF1-90C3-BF99E6B3F237}.Release|Any CPU.ActiveCfg = Release|Any CPU
		{246EA132-352C-4CF1-90C3-BF99E6B3F237}.Release|Any CPU.Build.0 = Release|Any CPU
		{3A2BDE44-031B-2977-93FB-9FCCB00B0043}.Debug|Any CPU.ActiveCfg = Debug|Any CPU
		{3A2BDE44-031B-2977-93FB-9FCCB00B0043}.Debug|Any CPU.Build.0 = Debug|Any CPU
		{3A2BDE44-031B-2977-93FB-9FCCB00B0043}.Release|Any CPU.ActiveCfg = Release|Any CPU
		{3A2BDE44-031B-2977-93FB-9FCCB00B0043}.Release|Any CPU.Build.0 = Release|Any CPU
		{04B236CB-6C7D-4CE3-80E1-EFF815A1AA93}.Debug|Any CPU.ActiveCfg = Debug|Any CPU
		{04B236CB-6C7D-4CE3-80E1-EFF815A1AA93}.Debug|Any CPU.Build.0 = Debug|Any CPU
		{04B236CB-6C7D-4CE3-80E1-EFF815A1AA93}.Release|Any CPU.ActiveCfg = Release|Any CPU
		{04B236CB-6C7D-4CE3-80E1-EFF815A1AA93}.Release|Any CPU.Build.0 = Release|Any CPU
	EndGlobalSection
	GlobalSection(SolutionProperties) = preSolution
		HideSolutionNode = FALSE
	EndGlobalSection
	GlobalSection(ExtensibilityGlobals) = postSolution
		SolutionGuid = {C2CB4EED-72E0-44E1-9704-6A644992C66E}
	EndGlobalSection
EndGlobal
